// !$*UTF8*$!
{
	archiveVersion = 1;
	classes = {
	};
	objectVersion = 50;
	objects = {

/* Begin PBXBuildFile section */
		4C39E874BD6F162322D6F470 /* Pods_CurrencyConverter.framework in Frameworks */ = {isa = PBXBuildFile; fileRef = C60170DDCEC9F889A7D87046 /* Pods_CurrencyConverter.framework */; };
		BE514736A3B2E6DD70D264D4 /* Pods_CurrencyConverterTests.framework in Frameworks */ = {isa = PBXBuildFile; fileRef = 1DAA5F89610CEE2F22FD2161 /* Pods_CurrencyConverterTests.framework */; };
		D6140278222C198400DA2570 /* CurrenciesSpec.swift in Sources */ = {isa = PBXBuildFile; fileRef = D6140277222C198400DA2570 /* CurrenciesSpec.swift */; };
		D614027A222C4C7D00DA2570 /* Result.swift in Sources */ = {isa = PBXBuildFile; fileRef = D6140279222C4C7D00DA2570 /* Result.swift */; };
		D614027C222C4CB000DA2570 /* RatesResponse.swift in Sources */ = {isa = PBXBuildFile; fileRef = D614027B222C4CB000DA2570 /* RatesResponse.swift */; };
		D6140281222C4DE000DA2570 /* Errors.swift in Sources */ = {isa = PBXBuildFile; fileRef = D6140280222C4DE000DA2570 /* Errors.swift */; };
		D6140283222C4E0900DA2570 /* RatesClient.swift in Sources */ = {isa = PBXBuildFile; fileRef = D6140282222C4E0900DA2570 /* RatesClient.swift */; };
		D6140286222C4FDB00DA2570 /* Constants.swift in Sources */ = {isa = PBXBuildFile; fileRef = D6140285222C4FDB00DA2570 /* Constants.swift */; };
		D6140288222C52E800DA2570 /* RatesService.swift in Sources */ = {isa = PBXBuildFile; fileRef = D6140287222C52E800DA2570 /* RatesService.swift */; };
		D644057A222DC83000707C41 /* ConversionViewControllerSpec.swift in Sources */ = {isa = PBXBuildFile; fileRef = D6440579222DC83000707C41 /* ConversionViewControllerSpec.swift */; };
		D644057C222DE47000707C41 /* UIView+Extension.swift in Sources */ = {isa = PBXBuildFile; fileRef = D644057B222DE47000707C41 /* UIView+Extension.swift */; };
		D644057E222DE9E400707C41 /* UIAlertViewController+Extension.swift in Sources */ = {isa = PBXBuildFile; fileRef = D644057D222DE9E400707C41 /* UIAlertViewController+Extension.swift */; };
		D6B0B2D0222AC77800208AD8 /* ConversionViewController.swift in Sources */ = {isa = PBXBuildFile; fileRef = D6B0B2CF222AC77800208AD8 /* ConversionViewController.swift */; };
		D6B0B2D7222AD65A00208AD8 /* TableViewDataSource.swift in Sources */ = {isa = PBXBuildFile; fileRef = D6B0B2D6222AD65A00208AD8 /* TableViewDataSource.swift */; };
		D6B0B2D9222AD69500208AD8 /* TableViewSection.swift in Sources */ = {isa = PBXBuildFile; fileRef = D6B0B2D8222AD69500208AD8 /* TableViewSection.swift */; };
		D6B0B2DB222AD94100208AD8 /* CurrencyListSection.swift in Sources */ = {isa = PBXBuildFile; fileRef = D6B0B2DA222AD94100208AD8 /* CurrencyListSection.swift */; };
		D6B0B2DD222AE6F200208AD8 /* TableViewCellBuilder.swift in Sources */ = {isa = PBXBuildFile; fileRef = D6B0B2DC222AE6F200208AD8 /* TableViewCellBuilder.swift */; };
		D6B0B2E0222AE80900208AD8 /* CurrencyTableViewCell.swift in Sources */ = {isa = PBXBuildFile; fileRef = D6B0B2DF222AE80900208AD8 /* CurrencyTableViewCell.swift */; };
		D6B0B2E2222AEBD700208AD8 /* CurrencyTableViewCellBuilder.swift in Sources */ = {isa = PBXBuildFile; fileRef = D6B0B2E1222AEBD700208AD8 /* CurrencyTableViewCellBuilder.swift */; };
		D6B0B2E4222AEC2900208AD8 /* ViewCodingProtocol.swift in Sources */ = {isa = PBXBuildFile; fileRef = D6B0B2E3222AEC2900208AD8 /* ViewCodingProtocol.swift */; };
		D6B0B2E7222AEFCF00208AD8 /* Reusable.swift in Sources */ = {isa = PBXBuildFile; fileRef = D6B0B2E6222AEFCF00208AD8 /* Reusable.swift */; };
		D6B0B2EB222B052200208AD8 /* CurrencyTableViewCellSpec.swift in Sources */ = {isa = PBXBuildFile; fileRef = D6B0B2EA222B052200208AD8 /* CurrencyTableViewCellSpec.swift */; };
		D6B0B2ED222B05E800208AD8 /* SnapshotUtils.swift in Sources */ = {isa = PBXBuildFile; fileRef = D6B0B2EC222B05E800208AD8 /* SnapshotUtils.swift */; };
		D6B0B2F1222B1E3500208AD8 /* ConversionView.swift in Sources */ = {isa = PBXBuildFile; fileRef = D6B0B2F0222B1E3500208AD8 /* ConversionView.swift */; };
		D6E3A13222276BD3004965DE /* AppDelegate.swift in Sources */ = {isa = PBXBuildFile; fileRef = D6E3A13122276BD3004965DE /* AppDelegate.swift */; };
		D6E3A13922276BD4004965DE /* Assets.xcassets in Resources */ = {isa = PBXBuildFile; fileRef = D6E3A13822276BD4004965DE /* Assets.xcassets */; };
		D6E3A13C22276BD4004965DE /* LaunchScreen.storyboard in Resources */ = {isa = PBXBuildFile; fileRef = D6E3A13A22276BD4004965DE /* LaunchScreen.storyboard */; };
		D6EB5E012228C7270049455F /* Currency.swift in Sources */ = {isa = PBXBuildFile; fileRef = D6EB5E002228C7270049455F /* Currency.swift */; };
/* End PBXBuildFile section */

/* Begin PBXContainerItemProxy section */
		D6E3A14C22276E24004965DE /* PBXContainerItemProxy */ = {
			isa = PBXContainerItemProxy;
			containerPortal = D6E3A12622276BD3004965DE /* Project object */;
			proxyType = 1;
			remoteGlobalIDString = D6E3A12D22276BD3004965DE;
			remoteInfo = CurrencyConverter;
		};
/* End PBXContainerItemProxy section */

/* Begin PBXFileReference section */
		1DAA5F89610CEE2F22FD2161 /* Pods_CurrencyConverterTests.framework */ = {isa = PBXFileReference; explicitFileType = wrapper.framework; includeInIndex = 0; path = Pods_CurrencyConverterTests.framework; sourceTree = BUILT_PRODUCTS_DIR; };
		278369A3288E9B83D9E0D3A9 /* Pods-CurrencyConverterTests.release.xcconfig */ = {isa = PBXFileReference; includeInIndex = 1; lastKnownFileType = text.xcconfig; name = "Pods-CurrencyConverterTests.release.xcconfig"; path = "Pods/Target Support Files/Pods-CurrencyConverterTests/Pods-CurrencyConverterTests.release.xcconfig"; sourceTree = "<group>"; };
		78C1C84A264929157B2611A5 /* Pods-CurrencyConverter.debug.xcconfig */ = {isa = PBXFileReference; includeInIndex = 1; lastKnownFileType = text.xcconfig; name = "Pods-CurrencyConverter.debug.xcconfig"; path = "Pods/Target Support Files/Pods-CurrencyConverter/Pods-CurrencyConverter.debug.xcconfig"; sourceTree = "<group>"; };
		C60170DDCEC9F889A7D87046 /* Pods_CurrencyConverter.framework */ = {isa = PBXFileReference; explicitFileType = wrapper.framework; includeInIndex = 0; path = Pods_CurrencyConverter.framework; sourceTree = BUILT_PRODUCTS_DIR; };
		C7DF8D2D7B5A3978165F49F2 /* Pods-CurrencyConverterTests.debug.xcconfig */ = {isa = PBXFileReference; includeInIndex = 1; lastKnownFileType = text.xcconfig; name = "Pods-CurrencyConverterTests.debug.xcconfig"; path = "Pods/Target Support Files/Pods-CurrencyConverterTests/Pods-CurrencyConverterTests.debug.xcconfig"; sourceTree = "<group>"; };
		D6140277222C198400DA2570 /* CurrenciesSpec.swift */ = {isa = PBXFileReference; lastKnownFileType = sourcecode.swift; path = CurrenciesSpec.swift; sourceTree = "<group>"; };
		D6140279222C4C7D00DA2570 /* Result.swift */ = {isa = PBXFileReference; lastKnownFileType = sourcecode.swift; path = Result.swift; sourceTree = "<group>"; };
		D614027B222C4CB000DA2570 /* RatesResponse.swift */ = {isa = PBXFileReference; lastKnownFileType = sourcecode.swift; path = RatesResponse.swift; sourceTree = "<group>"; };
		D6140280222C4DE000DA2570 /* Errors.swift */ = {isa = PBXFileReference; lastKnownFileType = sourcecode.swift; path = Errors.swift; sourceTree = "<group>"; };
		D6140282222C4E0900DA2570 /* RatesClient.swift */ = {isa = PBXFileReference; lastKnownFileType = sourcecode.swift; path = RatesClient.swift; sourceTree = "<group>"; };
		D6140285222C4FDB00DA2570 /* Constants.swift */ = {isa = PBXFileReference; lastKnownFileType = sourcecode.swift; path = Constants.swift; sourceTree = "<group>"; };
		D6140287222C52E800DA2570 /* RatesService.swift */ = {isa = PBXFileReference; lastKnownFileType = sourcecode.swift; path = RatesService.swift; sourceTree = "<group>"; };
		D6440579222DC83000707C41 /* ConversionViewControllerSpec.swift */ = {isa = PBXFileReference; lastKnownFileType = sourcecode.swift; path = ConversionViewControllerSpec.swift; sourceTree = "<group>"; };
		D644057B222DE47000707C41 /* UIView+Extension.swift */ = {isa = PBXFileReference; lastKnownFileType = sourcecode.swift; path = "UIView+Extension.swift"; sourceTree = "<group>"; };
		D644057D222DE9E400707C41 /* UIAlertViewController+Extension.swift */ = {isa = PBXFileReference; lastKnownFileType = sourcecode.swift; path = "UIAlertViewController+Extension.swift"; sourceTree = "<group>"; };
		D6B0B2CF222AC77800208AD8 /* ConversionViewController.swift */ = {isa = PBXFileReference; lastKnownFileType = sourcecode.swift; path = ConversionViewController.swift; sourceTree = "<group>"; };
		D6B0B2D6222AD65A00208AD8 /* TableViewDataSource.swift */ = {isa = PBXFileReference; lastKnownFileType = sourcecode.swift; path = TableViewDataSource.swift; sourceTree = "<group>"; };
		D6B0B2D8222AD69500208AD8 /* TableViewSection.swift */ = {isa = PBXFileReference; lastKnownFileType = sourcecode.swift; path = TableViewSection.swift; sourceTree = "<group>"; };
		D6B0B2DA222AD94100208AD8 /* CurrencyListSection.swift */ = {isa = PBXFileReference; lastKnownFileType = sourcecode.swift; path = CurrencyListSection.swift; sourceTree = "<group>"; };
		D6B0B2DC222AE6F200208AD8 /* TableViewCellBuilder.swift */ = {isa = PBXFileReference; lastKnownFileType = sourcecode.swift; path = TableViewCellBuilder.swift; sourceTree = "<group>"; };
		D6B0B2DF222AE80900208AD8 /* CurrencyTableViewCell.swift */ = {isa = PBXFileReference; lastKnownFileType = sourcecode.swift; path = CurrencyTableViewCell.swift; sourceTree = "<group>"; };
		D6B0B2E1222AEBD700208AD8 /* CurrencyTableViewCellBuilder.swift */ = {isa = PBXFileReference; lastKnownFileType = sourcecode.swift; path = CurrencyTableViewCellBuilder.swift; sourceTree = "<group>"; };
		D6B0B2E3222AEC2900208AD8 /* ViewCodingProtocol.swift */ = {isa = PBXFileReference; lastKnownFileType = sourcecode.swift; path = ViewCodingProtocol.swift; sourceTree = "<group>"; };
		D6B0B2E6222AEFCF00208AD8 /* Reusable.swift */ = {isa = PBXFileReference; lastKnownFileType = sourcecode.swift; path = Reusable.swift; sourceTree = "<group>"; };
		D6B0B2EA222B052200208AD8 /* CurrencyTableViewCellSpec.swift */ = {isa = PBXFileReference; lastKnownFileType = sourcecode.swift; path = CurrencyTableViewCellSpec.swift; sourceTree = "<group>"; };
		D6B0B2EC222B05E800208AD8 /* SnapshotUtils.swift */ = {isa = PBXFileReference; lastKnownFileType = sourcecode.swift; path = SnapshotUtils.swift; sourceTree = "<group>"; };
		D6B0B2F0222B1E3500208AD8 /* ConversionView.swift */ = {isa = PBXFileReference; lastKnownFileType = sourcecode.swift; path = ConversionView.swift; sourceTree = "<group>"; };
		D6E3A12E22276BD3004965DE /* CurrencyConverter.app */ = {isa = PBXFileReference; explicitFileType = wrapper.application; includeInIndex = 0; path = CurrencyConverter.app; sourceTree = BUILT_PRODUCTS_DIR; };
		D6E3A13122276BD3004965DE /* AppDelegate.swift */ = {isa = PBXFileReference; lastKnownFileType = sourcecode.swift; path = AppDelegate.swift; sourceTree = "<group>"; };
		D6E3A13822276BD4004965DE /* Assets.xcassets */ = {isa = PBXFileReference; lastKnownFileType = folder.assetcatalog; path = Assets.xcassets; sourceTree = "<group>"; };
		D6E3A13B22276BD4004965DE /* Base */ = {isa = PBXFileReference; lastKnownFileType = file.storyboard; name = Base; path = Base.lproj/LaunchScreen.storyboard; sourceTree = "<group>"; };
		D6E3A13D22276BD4004965DE /* Info.plist */ = {isa = PBXFileReference; lastKnownFileType = text.plist.xml; path = Info.plist; sourceTree = "<group>"; };
		D6E3A14722276E24004965DE /* CurrencyConverterTests.xctest */ = {isa = PBXFileReference; explicitFileType = wrapper.cfbundle; includeInIndex = 0; path = CurrencyConverterTests.xctest; sourceTree = BUILT_PRODUCTS_DIR; };
		D6E3A14B22276E24004965DE /* Info.plist */ = {isa = PBXFileReference; lastKnownFileType = text.plist.xml; path = Info.plist; sourceTree = "<group>"; };
		D6EB5E002228C7270049455F /* Currency.swift */ = {isa = PBXFileReference; lastKnownFileType = sourcecode.swift; path = Currency.swift; sourceTree = "<group>"; };
		DD50321183B067DDB0005992 /* Pods-CurrencyConverter.release.xcconfig */ = {isa = PBXFileReference; includeInIndex = 1; lastKnownFileType = text.xcconfig; name = "Pods-CurrencyConverter.release.xcconfig"; path = "Pods/Target Support Files/Pods-CurrencyConverter/Pods-CurrencyConverter.release.xcconfig"; sourceTree = "<group>"; };
/* End PBXFileReference section */

/* Begin PBXFrameworksBuildPhase section */
		D6E3A12B22276BD3004965DE /* Frameworks */ = {
			isa = PBXFrameworksBuildPhase;
			buildActionMask = 2147483647;
			files = (
				4C39E874BD6F162322D6F470 /* Pods_CurrencyConverter.framework in Frameworks */,
			);
			runOnlyForDeploymentPostprocessing = 0;
		};
		D6E3A14422276E24004965DE /* Frameworks */ = {
			isa = PBXFrameworksBuildPhase;
			buildActionMask = 2147483647;
			files = (
				BE514736A3B2E6DD70D264D4 /* Pods_CurrencyConverterTests.framework in Frameworks */,
			);
			runOnlyForDeploymentPostprocessing = 0;
		};
/* End PBXFrameworksBuildPhase section */

/* Begin PBXGroup section */
		803179927B34DDFD999222AE /* Frameworks */ = {
			isa = PBXGroup;
			children = (
				C60170DDCEC9F889A7D87046 /* Pods_CurrencyConverter.framework */,
				1DAA5F89610CEE2F22FD2161 /* Pods_CurrencyConverterTests.framework */,
			);
			name = Frameworks;
			sourceTree = "<group>";
		};
		D6140275222C193A00DA2570 /* Commons */ = {
			isa = PBXGroup;
			children = (
				D6B0B2EC222B05E800208AD8 /* SnapshotUtils.swift */,
				D644057B222DE47000707C41 /* UIView+Extension.swift */,
			);
			path = Commons;
			sourceTree = "<group>";
		};
		D6140276222C197000DA2570 /* Models */ = {
			isa = PBXGroup;
			children = (
				D6140277222C198400DA2570 /* CurrenciesSpec.swift */,
			);
			path = Models;
			sourceTree = "<group>";
		};
		D614027D222C4D5000DA2570 /* Service */ = {
			isa = PBXGroup;
			children = (
				D6140282222C4E0900DA2570 /* RatesClient.swift */,
				D6140287222C52E800DA2570 /* RatesService.swift */,
			);
			path = Service;
			sourceTree = "<group>";
		};
		D6140284222C4FBB00DA2570 /* Commons */ = {
			isa = PBXGroup;
			children = (
				D6140285222C4FDB00DA2570 /* Constants.swift */,
				D644057D222DE9E400707C41 /* UIAlertViewController+Extension.swift */,
			);
			path = Commons;
			sourceTree = "<group>";
		};
		D6440578222DC81300707C41 /* Controllers */ = {
			isa = PBXGroup;
			children = (
				D6440579222DC83000707C41 /* ConversionViewControllerSpec.swift */,
			);
			path = Controllers;
			sourceTree = "<group>";
		};
		D6B0B2D1222ACD8700208AD8 /* Supporting Files */ = {
			isa = PBXGroup;
			children = (
				D6E3A13122276BD3004965DE /* AppDelegate.swift */,
				D6E3A13822276BD4004965DE /* Assets.xcassets */,
				D6E3A13A22276BD4004965DE /* LaunchScreen.storyboard */,
				D6E3A13D22276BD4004965DE /* Info.plist */,
			);
			path = "Supporting Files";
			sourceTree = "<group>";
		};
		D6B0B2D2222ACD9700208AD8 /* Models */ = {
			isa = PBXGroup;
			children = (
				D6140279222C4C7D00DA2570 /* Result.swift */,
				D614027B222C4CB000DA2570 /* RatesResponse.swift */,
				D6140280222C4DE000DA2570 /* Errors.swift */,
				D6EB5E002228C7270049455F /* Currency.swift */,
			);
			path = Models;
			sourceTree = "<group>";
		};
		D6B0B2D3222ACDA000208AD8 /* Controllers */ = {
			isa = PBXGroup;
			children = (
				D6B0B2CF222AC77800208AD8 /* ConversionViewController.swift */,
			);
			path = Controllers;
			sourceTree = "<group>";
		};
		D6B0B2D4222AD58E00208AD8 /* Views */ = {
			isa = PBXGroup;
			children = (
				D6B0B2E8222AF6FA00208AD8 /* Commons */,
				D6B0B2DE222AE7C400208AD8 /* Conversion */,
				D6B0B2D5222AD59A00208AD8 /* TableView */,
			);
			path = Views;
			sourceTree = "<group>";
		};
		D6B0B2D5222AD59A00208AD8 /* TableView */ = {
			isa = PBXGroup;
			children = (
				D6B0B2D6222AD65A00208AD8 /* TableViewDataSource.swift */,
				D6B0B2D8222AD69500208AD8 /* TableViewSection.swift */,
				D6B0B2DA222AD94100208AD8 /* CurrencyListSection.swift */,
				D6B0B2DC222AE6F200208AD8 /* TableViewCellBuilder.swift */,
				D6B0B2E6222AEFCF00208AD8 /* Reusable.swift */,
			);
			path = TableView;
			sourceTree = "<group>";
		};
		D6B0B2DE222AE7C400208AD8 /* Conversion */ = {
			isa = PBXGroup;
			children = (
				D6B0B2DF222AE80900208AD8 /* CurrencyTableViewCell.swift */,
				D6B0B2E1222AEBD700208AD8 /* CurrencyTableViewCellBuilder.swift */,
				D6B0B2F0222B1E3500208AD8 /* ConversionView.swift */,
			);
			path = Conversion;
			sourceTree = "<group>";
		};
		D6B0B2E8222AF6FA00208AD8 /* Commons */ = {
			isa = PBXGroup;
			children = (
				D6B0B2E3222AEC2900208AD8 /* ViewCodingProtocol.swift */,
			);
			path = Commons;
			sourceTree = "<group>";
		};
		D6B0B2E9222B04F100208AD8 /* Views */ = {
			isa = PBXGroup;
			children = (
				D6B0B2EA222B052200208AD8 /* CurrencyTableViewCellSpec.swift */,
			);
			path = Views;
			sourceTree = "<group>";
		};
		D6E3A12522276BD3004965DE = {
			isa = PBXGroup;
			children = (
				D6E3A13022276BD3004965DE /* CurrencyConverter */,
				D6E3A14822276E24004965DE /* CurrencyConverterTests */,
				D6E3A12F22276BD3004965DE /* Products */,
				DEF602F1E57CDAAACFC820F0 /* Pods */,
				803179927B34DDFD999222AE /* Frameworks */,
			);
			sourceTree = "<group>";
		};
		D6E3A12F22276BD3004965DE /* Products */ = {
			isa = PBXGroup;
			children = (
				D6E3A12E22276BD3004965DE /* CurrencyConverter.app */,
				D6E3A14722276E24004965DE /* CurrencyConverterTests.xctest */,
			);
			name = Products;
			sourceTree = "<group>";
		};
		D6E3A13022276BD3004965DE /* CurrencyConverter */ = {
			isa = PBXGroup;
			children = (
				D6140284222C4FBB00DA2570 /* Commons */,
				D614027D222C4D5000DA2570 /* Service */,
				D6B0B2D4222AD58E00208AD8 /* Views */,
				D6B0B2D3222ACDA000208AD8 /* Controllers */,
				D6B0B2D2222ACD9700208AD8 /* Models */,
				D6B0B2D1222ACD8700208AD8 /* Supporting Files */,
			);
			path = CurrencyConverter;
			sourceTree = "<group>";
		};
		D6E3A14822276E24004965DE /* CurrencyConverterTests */ = {
			isa = PBXGroup;
			children = (
				D6440578222DC81300707C41 /* Controllers */,
				D6140276222C197000DA2570 /* Models */,
				D6E3A14B22276E24004965DE /* Info.plist */,
				D6140275222C193A00DA2570 /* Commons */,
				D6B0B2E9222B04F100208AD8 /* Views */,
			);
			path = CurrencyConverterTests;
			sourceTree = "<group>";
		};
		DEF602F1E57CDAAACFC820F0 /* Pods */ = {
			isa = PBXGroup;
			children = (
				78C1C84A264929157B2611A5 /* Pods-CurrencyConverter.debug.xcconfig */,
				DD50321183B067DDB0005992 /* Pods-CurrencyConverter.release.xcconfig */,
				C7DF8D2D7B5A3978165F49F2 /* Pods-CurrencyConverterTests.debug.xcconfig */,
				278369A3288E9B83D9E0D3A9 /* Pods-CurrencyConverterTests.release.xcconfig */,
			);
			name = Pods;
			sourceTree = "<group>";
		};
/* End PBXGroup section */

/* Begin PBXNativeTarget section */
		D6E3A12D22276BD3004965DE /* CurrencyConverter */ = {
			isa = PBXNativeTarget;
			buildConfigurationList = D6E3A14022276BD4004965DE /* Build configuration list for PBXNativeTarget "CurrencyConverter" */;
			buildPhases = (
				D95B96EF46D2F639A5D6CC4A /* [CP] Check Pods Manifest.lock */,
				D6E3A12A22276BD3004965DE /* Sources */,
				D6E3A12B22276BD3004965DE /* Frameworks */,
				D6E3A12C22276BD3004965DE /* Resources */,
				732B9CB9239C159BF6CB6F63 /* [CP] Embed Pods Frameworks */,
				D6B0B2CA222AC55500208AD8 /* SwiftLint */,
			);
			buildRules = (
			);
			dependencies = (
			);
			name = CurrencyConverter;
			productName = CurrencyConverter;
			productReference = D6E3A12E22276BD3004965DE /* CurrencyConverter.app */;
			productType = "com.apple.product-type.application";
		};
		D6E3A14622276E24004965DE /* CurrencyConverterTests */ = {
			isa = PBXNativeTarget;
			buildConfigurationList = D6E3A15022276E24004965DE /* Build configuration list for PBXNativeTarget "CurrencyConverterTests" */;
			buildPhases = (
				3ABFC5D68F1474044D0FC638 /* [CP] Check Pods Manifest.lock */,
				D6E3A14322276E24004965DE /* Sources */,
				D6E3A14422276E24004965DE /* Frameworks */,
				D6E3A14522276E24004965DE /* Resources */,
				E0F24380D013630563DCB6BF /* [CP] Embed Pods Frameworks */,
			);
			buildRules = (
			);
			dependencies = (
				D6E3A14D22276E24004965DE /* PBXTargetDependency */,
			);
			name = CurrencyConverterTests;
			productName = CurrencyConverterTests;
			productReference = D6E3A14722276E24004965DE /* CurrencyConverterTests.xctest */;
			productType = "com.apple.product-type.bundle.unit-test";
		};
/* End PBXNativeTarget section */

/* Begin PBXProject section */
		D6E3A12622276BD3004965DE /* Project object */ = {
			isa = PBXProject;
			attributes = {
				LastSwiftUpdateCheck = 1010;
				LastUpgradeCheck = 1010;
				ORGANIZATIONNAME = "Antonio Rodrigues";
				TargetAttributes = {
					D6E3A12D22276BD3004965DE = {
						CreatedOnToolsVersion = 10.1;
					};
					D6E3A14622276E24004965DE = {
						CreatedOnToolsVersion = 10.1;
						TestTargetID = D6E3A12D22276BD3004965DE;
					};
				};
			};
			buildConfigurationList = D6E3A12922276BD3004965DE /* Build configuration list for PBXProject "CurrencyConverter" */;
			compatibilityVersion = "Xcode 9.3";
			developmentRegion = en;
			hasScannedForEncodings = 0;
			knownRegions = (
				en,
				Base,
			);
			mainGroup = D6E3A12522276BD3004965DE;
			productRefGroup = D6E3A12F22276BD3004965DE /* Products */;
			projectDirPath = "";
			projectRoot = "";
			targets = (
				D6E3A12D22276BD3004965DE /* CurrencyConverter */,
				D6E3A14622276E24004965DE /* CurrencyConverterTests */,
			);
		};
/* End PBXProject section */

/* Begin PBXResourcesBuildPhase section */
		D6E3A12C22276BD3004965DE /* Resources */ = {
			isa = PBXResourcesBuildPhase;
			buildActionMask = 2147483647;
			files = (
				D6E3A13C22276BD4004965DE /* LaunchScreen.storyboard in Resources */,
				D6E3A13922276BD4004965DE /* Assets.xcassets in Resources */,
			);
			runOnlyForDeploymentPostprocessing = 0;
		};
		D6E3A14522276E24004965DE /* Resources */ = {
			isa = PBXResourcesBuildPhase;
			buildActionMask = 2147483647;
			files = (
			);
			runOnlyForDeploymentPostprocessing = 0;
		};
/* End PBXResourcesBuildPhase section */

/* Begin PBXShellScriptBuildPhase section */
		3ABFC5D68F1474044D0FC638 /* [CP] Check Pods Manifest.lock */ = {
			isa = PBXShellScriptBuildPhase;
			buildActionMask = 2147483647;
			files = (
			);
			inputFileListPaths = (
			);
			inputPaths = (
				"${PODS_PODFILE_DIR_PATH}/Podfile.lock",
				"${PODS_ROOT}/Manifest.lock",
			);
			name = "[CP] Check Pods Manifest.lock";
			outputFileListPaths = (
			);
			outputPaths = (
				"$(DERIVED_FILE_DIR)/Pods-CurrencyConverterTests-checkManifestLockResult.txt",
			);
			runOnlyForDeploymentPostprocessing = 0;
			shellPath = /bin/sh;
			shellScript = "diff \"${PODS_PODFILE_DIR_PATH}/Podfile.lock\" \"${PODS_ROOT}/Manifest.lock\" > /dev/null\nif [ $? != 0 ] ; then\n    # print error to STDERR\n    echo \"error: The sandbox is not in sync with the Podfile.lock. Run 'pod install' or update your CocoaPods installation.\" >&2\n    exit 1\nfi\n# This output is used by Xcode 'outputs' to avoid re-running this script phase.\necho \"SUCCESS\" > \"${SCRIPT_OUTPUT_FILE_0}\"\n";
			showEnvVarsInLog = 0;
		};
		732B9CB9239C159BF6CB6F63 /* [CP] Embed Pods Frameworks */ = {
			isa = PBXShellScriptBuildPhase;
			buildActionMask = 2147483647;
			files = (
			);
			inputFileListPaths = (
			);
			inputPaths = (
				"${SRCROOT}/Pods/Target Support Files/Pods-CurrencyConverter/Pods-CurrencyConverter-frameworks.sh",
				"${BUILT_PRODUCTS_DIR}/Alamofire/Alamofire.framework",
				"${BUILT_PRODUCTS_DIR}/SnapKit/SnapKit.framework",
			);
			name = "[CP] Embed Pods Frameworks";
			outputFileListPaths = (
			);
			outputPaths = (
				"${TARGET_BUILD_DIR}/${FRAMEWORKS_FOLDER_PATH}/Alamofire.framework",
				"${TARGET_BUILD_DIR}/${FRAMEWORKS_FOLDER_PATH}/SnapKit.framework",
			);
			runOnlyForDeploymentPostprocessing = 0;
			shellPath = /bin/sh;
			shellScript = "\"${SRCROOT}/Pods/Target Support Files/Pods-CurrencyConverter/Pods-CurrencyConverter-frameworks.sh\"\n";
			showEnvVarsInLog = 0;
		};
		D6B0B2CA222AC55500208AD8 /* SwiftLint */ = {
			isa = PBXShellScriptBuildPhase;
			buildActionMask = 2147483647;
			files = (
			);
			inputFileListPaths = (
			);
			inputPaths = (
			);
			name = SwiftLint;
			outputFileListPaths = (
			);
			outputPaths = (
			);
			runOnlyForDeploymentPostprocessing = 0;
			shellPath = /bin/sh;
			shellScript = "\"${PODS_ROOT}/SwiftLint/swiftlint\"\n";
		};
		D95B96EF46D2F639A5D6CC4A /* [CP] Check Pods Manifest.lock */ = {
			isa = PBXShellScriptBuildPhase;
			buildActionMask = 2147483647;
			files = (
			);
			inputFileListPaths = (
			);
			inputPaths = (
				"${PODS_PODFILE_DIR_PATH}/Podfile.lock",
				"${PODS_ROOT}/Manifest.lock",
			);
			name = "[CP] Check Pods Manifest.lock";
			outputFileListPaths = (
			);
			outputPaths = (
				"$(DERIVED_FILE_DIR)/Pods-CurrencyConverter-checkManifestLockResult.txt",
			);
			runOnlyForDeploymentPostprocessing = 0;
			shellPath = /bin/sh;
			shellScript = "diff \"${PODS_PODFILE_DIR_PATH}/Podfile.lock\" \"${PODS_ROOT}/Manifest.lock\" > /dev/null\nif [ $? != 0 ] ; then\n    # print error to STDERR\n    echo \"error: The sandbox is not in sync with the Podfile.lock. Run 'pod install' or update your CocoaPods installation.\" >&2\n    exit 1\nfi\n# This output is used by Xcode 'outputs' to avoid re-running this script phase.\necho \"SUCCESS\" > \"${SCRIPT_OUTPUT_FILE_0}\"\n";
			showEnvVarsInLog = 0;
		};
		E0F24380D013630563DCB6BF /* [CP] Embed Pods Frameworks */ = {
			isa = PBXShellScriptBuildPhase;
			buildActionMask = 2147483647;
			files = (
			);
			inputFileListPaths = (
			);
			inputPaths = (
				"${SRCROOT}/Pods/Target Support Files/Pods-CurrencyConverterTests/Pods-CurrencyConverterTests-frameworks.sh",
				"${BUILT_PRODUCTS_DIR}/Alamofire/Alamofire.framework",
				"${BUILT_PRODUCTS_DIR}/SnapKit/SnapKit.framework",
				"${BUILT_PRODUCTS_DIR}/Nimble/Nimble.framework",
				"${BUILT_PRODUCTS_DIR}/Nimble-Snapshots/Nimble_Snapshots.framework",
				"${BUILT_PRODUCTS_DIR}/Quick/Quick.framework",
				"${BUILT_PRODUCTS_DIR}/iOSSnapshotTestCase/FBSnapshotTestCase.framework",
			);
			name = "[CP] Embed Pods Frameworks";
			outputFileListPaths = (
			);
			outputPaths = (
				"${TARGET_BUILD_DIR}/${FRAMEWORKS_FOLDER_PATH}/Alamofire.framework",
				"${TARGET_BUILD_DIR}/${FRAMEWORKS_FOLDER_PATH}/SnapKit.framework",
				"${TARGET_BUILD_DIR}/${FRAMEWORKS_FOLDER_PATH}/Nimble.framework",
				"${TARGET_BUILD_DIR}/${FRAMEWORKS_FOLDER_PATH}/Nimble_Snapshots.framework",
				"${TARGET_BUILD_DIR}/${FRAMEWORKS_FOLDER_PATH}/Quick.framework",
				"${TARGET_BUILD_DIR}/${FRAMEWORKS_FOLDER_PATH}/FBSnapshotTestCase.framework",
			);
			runOnlyForDeploymentPostprocessing = 0;
			shellPath = /bin/sh;
			shellScript = "\"${SRCROOT}/Pods/Target Support Files/Pods-CurrencyConverterTests/Pods-CurrencyConverterTests-frameworks.sh\"\n";
			showEnvVarsInLog = 0;
		};
/* End PBXShellScriptBuildPhase section */

/* Begin PBXSourcesBuildPhase section */
		D6E3A12A22276BD3004965DE /* Sources */ = {
			isa = PBXSourcesBuildPhase;
			buildActionMask = 2147483647;
			files = (
				D6B0B2E7222AEFCF00208AD8 /* Reusable.swift in Sources */,
				D6140288222C52E800DA2570 /* RatesService.swift in Sources */,
				D6140286222C4FDB00DA2570 /* Constants.swift in Sources */,
				D6B0B2DB222AD94100208AD8 /* CurrencyListSection.swift in Sources */,
				D614027C222C4CB000DA2570 /* RatesResponse.swift in Sources */,
				D6B0B2E4222AEC2900208AD8 /* ViewCodingProtocol.swift in Sources */,
				D614027A222C4C7D00DA2570 /* Result.swift in Sources */,
				D6B0B2D7222AD65A00208AD8 /* TableViewDataSource.swift in Sources */,
				D6B0B2D0222AC77800208AD8 /* ConversionViewController.swift in Sources */,
				D644057E222DE9E400707C41 /* UIAlertViewController+Extension.swift in Sources */,
				D6B0B2D9222AD69500208AD8 /* TableViewSection.swift in Sources */,
				D6140283222C4E0900DA2570 /* RatesClient.swift in Sources */,
				D6EB5E012228C7270049455F /* Currency.swift in Sources */,
				D6B0B2F1222B1E3500208AD8 /* ConversionView.swift in Sources */,
				D6E3A13222276BD3004965DE /* AppDelegate.swift in Sources */,
				D6140281222C4DE000DA2570 /* Errors.swift in Sources */,
				D6B0B2E0222AE80900208AD8 /* CurrencyTableViewCell.swift in Sources */,
				D6B0B2E2222AEBD700208AD8 /* CurrencyTableViewCellBuilder.swift in Sources */,
				D6B0B2DD222AE6F200208AD8 /* TableViewCellBuilder.swift in Sources */,
			);
			runOnlyForDeploymentPostprocessing = 0;
		};
		D6E3A14322276E24004965DE /* Sources */ = {
			isa = PBXSourcesBuildPhase;
			buildActionMask = 2147483647;
			files = (
				D6B0B2ED222B05E800208AD8 /* SnapshotUtils.swift in Sources */,
				D644057A222DC83000707C41 /* ConversionViewControllerSpec.swift in Sources */,
				D6140278222C198400DA2570 /* CurrenciesSpec.swift in Sources */,
				D644057C222DE47000707C41 /* UIView+Extension.swift in Sources */,
				D6B0B2EB222B052200208AD8 /* CurrencyTableViewCellSpec.swift in Sources */,
			);
			runOnlyForDeploymentPostprocessing = 0;
		};
/* End PBXSourcesBuildPhase section */

/* Begin PBXTargetDependency section */
		D6E3A14D22276E24004965DE /* PBXTargetDependency */ = {
			isa = PBXTargetDependency;
			target = D6E3A12D22276BD3004965DE /* CurrencyConverter */;
			targetProxy = D6E3A14C22276E24004965DE /* PBXContainerItemProxy */;
		};
/* End PBXTargetDependency section */

/* Begin PBXVariantGroup section */
		D6E3A13A22276BD4004965DE /* LaunchScreen.storyboard */ = {
			isa = PBXVariantGroup;
			children = (
				D6E3A13B22276BD4004965DE /* Base */,
			);
			name = LaunchScreen.storyboard;
			sourceTree = "<group>";
		};
/* End PBXVariantGroup section */

/* Begin XCBuildConfiguration section */
		D6E3A13E22276BD4004965DE /* Debug */ = {
			isa = XCBuildConfiguration;
			buildSettings = {
				ALWAYS_SEARCH_USER_PATHS = NO;
				CLANG_ANALYZER_NONNULL = YES;
				CLANG_ANALYZER_NUMBER_OBJECT_CONVERSION = YES_AGGRESSIVE;
				CLANG_CXX_LANGUAGE_STANDARD = "gnu++14";
				CLANG_CXX_LIBRARY = "libc++";
				CLANG_ENABLE_MODULES = YES;
				CLANG_ENABLE_OBJC_ARC = YES;
				CLANG_ENABLE_OBJC_WEAK = YES;
				CLANG_WARN_BLOCK_CAPTURE_AUTORELEASING = YES;
				CLANG_WARN_BOOL_CONVERSION = YES;
				CLANG_WARN_COMMA = YES;
				CLANG_WARN_CONSTANT_CONVERSION = YES;
				CLANG_WARN_DEPRECATED_OBJC_IMPLEMENTATIONS = YES;
				CLANG_WARN_DIRECT_OBJC_ISA_USAGE = YES_ERROR;
				CLANG_WARN_DOCUMENTATION_COMMENTS = YES;
				CLANG_WARN_EMPTY_BODY = YES;
				CLANG_WARN_ENUM_CONVERSION = YES;
				CLANG_WARN_INFINITE_RECURSION = YES;
				CLANG_WARN_INT_CONVERSION = YES;
				CLANG_WARN_NON_LITERAL_NULL_CONVERSION = YES;
				CLANG_WARN_OBJC_IMPLICIT_RETAIN_SELF = YES;
				CLANG_WARN_OBJC_LITERAL_CONVERSION = YES;
				CLANG_WARN_OBJC_ROOT_CLASS = YES_ERROR;
				CLANG_WARN_RANGE_LOOP_ANALYSIS = YES;
				CLANG_WARN_STRICT_PROTOTYPES = YES;
				CLANG_WARN_SUSPICIOUS_MOVE = YES;
				CLANG_WARN_UNGUARDED_AVAILABILITY = YES_AGGRESSIVE;
				CLANG_WARN_UNREACHABLE_CODE = YES;
				CLANG_WARN__DUPLICATE_METHOD_MATCH = YES;
				CODE_SIGN_IDENTITY = "iPhone Developer";
				COPY_PHASE_STRIP = NO;
				DEBUG_INFORMATION_FORMAT = dwarf;
				ENABLE_STRICT_OBJC_MSGSEND = YES;
				ENABLE_TESTABILITY = YES;
				GCC_C_LANGUAGE_STANDARD = gnu11;
				GCC_DYNAMIC_NO_PIC = NO;
				GCC_NO_COMMON_BLOCKS = YES;
				GCC_OPTIMIZATION_LEVEL = 0;
				GCC_PREPROCESSOR_DEFINITIONS = (
					"DEBUG=1",
					"$(inherited)",
				);
				GCC_WARN_64_TO_32_BIT_CONVERSION = YES;
				GCC_WARN_ABOUT_RETURN_TYPE = YES_ERROR;
				GCC_WARN_UNDECLARED_SELECTOR = YES;
				GCC_WARN_UNINITIALIZED_AUTOS = YES_AGGRESSIVE;
				GCC_WARN_UNUSED_FUNCTION = YES;
				GCC_WARN_UNUSED_VARIABLE = YES;
				IPHONEOS_DEPLOYMENT_TARGET = 12.1;
				MTL_ENABLE_DEBUG_INFO = INCLUDE_SOURCE;
				MTL_FAST_MATH = YES;
				ONLY_ACTIVE_ARCH = YES;
				SDKROOT = iphoneos;
				SWIFT_ACTIVE_COMPILATION_CONDITIONS = DEBUG;
				SWIFT_OPTIMIZATION_LEVEL = "-Onone";
			};
			name = Debug;
		};
		D6E3A13F22276BD4004965DE /* Release */ = {
			isa = XCBuildConfiguration;
			buildSettings = {
				ALWAYS_SEARCH_USER_PATHS = NO;
				CLANG_ANALYZER_NONNULL = YES;
				CLANG_ANALYZER_NUMBER_OBJECT_CONVERSION = YES_AGGRESSIVE;
				CLANG_CXX_LANGUAGE_STANDARD = "gnu++14";
				CLANG_CXX_LIBRARY = "libc++";
				CLANG_ENABLE_MODULES = YES;
				CLANG_ENABLE_OBJC_ARC = YES;
				CLANG_ENABLE_OBJC_WEAK = YES;
				CLANG_WARN_BLOCK_CAPTURE_AUTORELEASING = YES;
				CLANG_WARN_BOOL_CONVERSION = YES;
				CLANG_WARN_COMMA = YES;
				CLANG_WARN_CONSTANT_CONVERSION = YES;
				CLANG_WARN_DEPRECATED_OBJC_IMPLEMENTATIONS = YES;
				CLANG_WARN_DIRECT_OBJC_ISA_USAGE = YES_ERROR;
				CLANG_WARN_DOCUMENTATION_COMMENTS = YES;
				CLANG_WARN_EMPTY_BODY = YES;
				CLANG_WARN_ENUM_CONVERSION = YES;
				CLANG_WARN_INFINITE_RECURSION = YES;
				CLANG_WARN_INT_CONVERSION = YES;
				CLANG_WARN_NON_LITERAL_NULL_CONVERSION = YES;
				CLANG_WARN_OBJC_IMPLICIT_RETAIN_SELF = YES;
				CLANG_WARN_OBJC_LITERAL_CONVERSION = YES;
				CLANG_WARN_OBJC_ROOT_CLASS = YES_ERROR;
				CLANG_WARN_RANGE_LOOP_ANALYSIS = YES;
				CLANG_WARN_STRICT_PROTOTYPES = YES;
				CLANG_WARN_SUSPICIOUS_MOVE = YES;
				CLANG_WARN_UNGUARDED_AVAILABILITY = YES_AGGRESSIVE;
				CLANG_WARN_UNREACHABLE_CODE = YES;
				CLANG_WARN__DUPLICATE_METHOD_MATCH = YES;
				CODE_SIGN_IDENTITY = "iPhone Developer";
				COPY_PHASE_STRIP = NO;
				DEBUG_INFORMATION_FORMAT = "dwarf-with-dsym";
				ENABLE_NS_ASSERTIONS = NO;
				ENABLE_STRICT_OBJC_MSGSEND = YES;
				GCC_C_LANGUAGE_STANDARD = gnu11;
				GCC_NO_COMMON_BLOCKS = YES;
				GCC_WARN_64_TO_32_BIT_CONVERSION = YES;
				GCC_WARN_ABOUT_RETURN_TYPE = YES_ERROR;
				GCC_WARN_UNDECLARED_SELECTOR = YES;
				GCC_WARN_UNINITIALIZED_AUTOS = YES_AGGRESSIVE;
				GCC_WARN_UNUSED_FUNCTION = YES;
				GCC_WARN_UNUSED_VARIABLE = YES;
				IPHONEOS_DEPLOYMENT_TARGET = 12.1;
				MTL_ENABLE_DEBUG_INFO = NO;
				MTL_FAST_MATH = YES;
				SDKROOT = iphoneos;
				SWIFT_COMPILATION_MODE = wholemodule;
				SWIFT_OPTIMIZATION_LEVEL = "-O";
				VALIDATE_PRODUCT = YES;
			};
			name = Release;
		};
		D6E3A14122276BD4004965DE /* Debug */ = {
			isa = XCBuildConfiguration;
			baseConfigurationReference = 78C1C84A264929157B2611A5 /* Pods-CurrencyConverter.debug.xcconfig */;
			buildSettings = {
				ASSETCATALOG_COMPILER_APPICON_NAME = AppIcon;
				CODE_SIGN_STYLE = Automatic;
				DEVELOPMENT_TEAM = 4KYD88NNTV;
				INFOPLIST_FILE = "$(SRCROOT)/CurrencyConverter/Supporting Files/Info.plist";
				LD_RUNPATH_SEARCH_PATHS = (
					"$(inherited)",
					"@executable_path/Frameworks",
				);
				PRODUCT_BUNDLE_IDENTIFIER = com.acpr.CurrencyConverter;
				PRODUCT_NAME = "$(TARGET_NAME)";
				SWIFT_VERSION = 4.2;
				TARGETED_DEVICE_FAMILY = 1;
			};
			name = Debug;
		};
		D6E3A14222276BD4004965DE /* Release */ = {
			isa = XCBuildConfiguration;
			baseConfigurationReference = DD50321183B067DDB0005992 /* Pods-CurrencyConverter.release.xcconfig */;
			buildSettings = {
				ASSETCATALOG_COMPILER_APPICON_NAME = AppIcon;
				CODE_SIGN_STYLE = Automatic;
				DEVELOPMENT_TEAM = 4KYD88NNTV;
				INFOPLIST_FILE = "$(SRCROOT)/CurrencyConverter/Supporting Files/Info.plist";
				LD_RUNPATH_SEARCH_PATHS = (
					"$(inherited)",
					"@executable_path/Frameworks",
				);
				PRODUCT_BUNDLE_IDENTIFIER = com.acpr.CurrencyConverter;
				PRODUCT_NAME = "$(TARGET_NAME)";
				SWIFT_VERSION = 4.2;
				TARGETED_DEVICE_FAMILY = 1;
			};
			name = Release;
		};
		D6E3A14E22276E24004965DE /* Debug */ = {
			isa = XCBuildConfiguration;
			baseConfigurationReference = C7DF8D2D7B5A3978165F49F2 /* Pods-CurrencyConverterTests.debug.xcconfig */;
			buildSettings = {
				BUNDLE_LOADER = "$(TEST_HOST)";
				CODE_SIGN_STYLE = Automatic;
				DEVELOPMENT_TEAM = 4KYD88NNTV;
				INFOPLIST_FILE = CurrencyConverterTests/Info.plist;
				LD_RUNPATH_SEARCH_PATHS = (
					"$(inherited)",
					"@executable_path/Frameworks",
					"@loader_path/Frameworks",
				);
				PRODUCT_BUNDLE_IDENTIFIER = com.acpr.CurrencyConverterTests;
				PRODUCT_NAME = "$(TARGET_NAME)";
				SWIFT_VERSION = 4.2;
				TARGETED_DEVICE_FAMILY = "1,2";
				TEST_HOST = "$(BUILT_PRODUCTS_DIR)/CurrencyConverter.app/CurrencyConverter";
			};
			name = Debug;
		};
		D6E3A14F22276E24004965DE /* Release */ = {
			isa = XCBuildConfiguration;
			baseConfigurationReference = 278369A3288E9B83D9E0D3A9 /* Pods-CurrencyConverterTests.release.xcconfig */;
			buildSettings = {
				BUNDLE_LOADER = "$(TEST_HOST)";
				CODE_SIGN_STYLE = Automatic;
				DEVELOPMENT_TEAM = 4KYD88NNTV;
				INFOPLIST_FILE = CurrencyConverterTests/Info.plist;
				LD_RUNPATH_SEARCH_PATHS = (
					"$(inherited)",
					"@executable_path/Frameworks",
					"@loader_path/Frameworks",
				);
				PRODUCT_BUNDLE_IDENTIFIER = com.acpr.CurrencyConverterTests;
				PRODUCT_NAME = "$(TARGET_NAME)";
				SWIFT_VERSION = 4.2;
				TARGETED_DEVICE_FAMILY = "1,2";
				TEST_HOST = "$(BUILT_PRODUCTS_DIR)/CurrencyConverter.app/CurrencyConverter";
			};
			name = Release;
		};
/* End XCBuildConfiguration section */

/* Begin XCConfigurationList section */
		D6E3A12922276BD3004965DE /* Build configuration list for PBXProject "CurrencyConverter" */ = {
			isa = XCConfigurationList;
			buildConfigurations = (
				D6E3A13E22276BD4004965DE /* Debug */,
				D6E3A13F22276BD4004965DE /* Release */,
			);
			defaultConfigurationIsVisible = 0;
			defaultConfigurationName = Release;
		};
		D6E3A14022276BD4004965DE /* Build configuration list for PBXNativeTarget "CurrencyConverter" */ = {
			isa = XCConfigurationList;
			buildConfigurations = (
				D6E3A14122276BD4004965DE /* Debug */,
				D6E3A14222276BD4004965DE /* Release */,
			);
			defaultConfigurationIsVisible = 0;
			defaultConfigurationName = Release;
		};
		D6E3A15022276E24004965DE /* Build configuration list for PBXNativeTarget "CurrencyConverterTests" */ = {
			isa = XCConfigurationList;
			buildConfigurations = (
				D6E3A14E22276E24004965DE /* Debug */,
				D6E3A14F22276E24004965DE /* Release */,
			);
			defaultConfigurationIsVisible = 0;
			defaultConfigurationName = Release;
		};
/* End XCConfigurationList section */
	};
	rootObject = D6E3A12622276BD3004965DE /* Project object */;
}
